{
  "version": 1,
  "dependencies": {
    "net10.0": {
      "Dapper": {
        "type": "Direct",
        "requested": "[2.1.86, )",
        "resolved": "2.1.86",
        "contentHash": "v5wQfl9GfHhfTeFhorWTefa8c1Ev4HO8VF8i8wbSdZkq+P/az+1DTcqpkz8s9lMGyFf9kvoeJ+b2ABShW4cuIA=="
      },
      "Npgsql": {
        "type": "Direct",
        "requested": "[10.0.3, )",
        "resolved": "10.0.3",
        "contentHash": "7nb5YzXuvWWJxB0J8DiyL3we+X4FOctZrt0fIBnucOIaIevFEEwGQVZKtiu9olXdlNAK1eNgqSral6r/jlhI4w=="
      },
      "Swashbuckle.AspNetCore.SwaggerUI": {
        "type": "Direct",
        "requested": "[10.2.3, )",
        "resolved": "10.2.3",
        "contentHash": "nthWONRs/FJ4yyG206g1cC52WEG8EqrjuMWjGdR+5XG7lbjFto6NqcI9EMICgVFom/UivIjUVwI76ZHbHwTPfQ=="
      },
      "imolt.calculations": {
        "type": "Project",
        "dependencies": {
          "Dapper": "[2.1.86, )",
          "Imolt.Shared": "[1.0.0, )",
          "Npgsql": "[10.0.3, )"
        }
      },
      "imolt.database": {
        "type": "Project",
        "dependencies": {
          "Dapper": "[2.1.86, )",
          "Npgsql": "[10.0.3, )"
        }
      },
      "imolt.deals": {
        "type": "Project",
        "dependencies": {
          "Imolt.Shared": "[1.0.0, )"
        }
      },
      "imolt.references": {
        "type": "Project",
        "dependencies": {
          "Dapper": "[2.1.86, )",
          "Imolt.Shared": "[1.0.0, )",
          "Npgsql": "[10.0.3, )"
        }
      },
      "imolt.shared": {
        "type": "Project"
      }
    }
  }
}