{
  "version": 1,
  "dependencies": {
    "net10.0": {
      "Dapper": {
        "type": "Direct",
        "requested": "[2.1.86, )",
        "resolved": "2.1.86",
        "contentHash": "v5wQfl9GfHhfTeFhorWTefa8c1Ev4HO8VF8i8wbSdZkq+P/az+1DTcqpkz8s9lMGyFf9kvoeJ+b2ABShW4cuIA=="
      },
      "Npgsql": {
        "type": "Direct",
        "requested": "[10.0.3, )",
        "resolved": "10.0.3",
        "contentHash": "7nb5YzXuvWWJxB0J8DiyL3we+X4FOctZrt0fIBnucOIaIevFEEwGQVZKtiu9olXdlNAK1eNgqSral6r/jlhI4w=="
      },
      "Swashbuckle.AspNetCore.SwaggerUI": {
        "type": "Direct",
        "requested": "[10.2.3, )",
        "resolved": "10.2.3",
        "contentHash": "nthWONRs/FJ4yyG206g1cC52WEG8EqrjuMWjGdR+5XG7lbjFto6NqcI9EMICgVFom/UivIjUVwI76ZHbHwTPfQ=="
      },
      "Microsoft.IdentityModel.Abstractions": {
        "type": "Transitive",
        "resolved": "8.16.0",
        "contentHash": "gSxKLWRZzBpIsEoeUPkxfywNCCvRvl7hkq146XHPk5vOQc9izSf1I+uL1vh4y2U19QPxd9Z8K/8AdWyxYz2lSg=="
      },
      "Microsoft.IdentityModel.JsonWebTokens": {
        "type": "Transitive",
        "resolved": "8.16.0",
        "contentHash": "prBU72cIP4V8E9fhN+o/YdskTsLeIcnKPbhZf0X6mD7fdxoZqnS/NdEkSr+9Zp+2q7OZBOMfNBKGbTbhXODO4w==",
        "dependencies": {
          "Microsoft.IdentityModel.Tokens": "8.16.0"
        }
      },
      "Microsoft.IdentityModel.Logging": {
        "type": "Transitive",
        "resolved": "8.16.0",
        "contentHash": "MTzXmETkNQPACR7/XCXM1OGM6oU9RkyibqeJRtO9Ndew2LnGjMf9Atqj2VSf4XC27X0FQycUAlzxxEgQMWn2xQ==",
        "dependencies": {
          "Microsoft.IdentityModel.Abstractions": "8.16.0"
        }
      },
      "Microsoft.IdentityModel.Tokens": {
        "type": "Transitive",
        "resolved": "8.16.0",
        "contentHash": "rtViGJcGsN7WcfUNErwNeQgjuU5cJNl6FDQsfi9TncwO+Epzn0FTfBsg3YuFW1Q0Ch/KPxaVdjLw3/+5Z5ceFQ==",
        "dependencies": {
          "Microsoft.IdentityModel.Logging": "8.16.0"
        }
      },
      "PDFsharp": {
        "type": "Transitive",
        "resolved": "6.2.4",
        "contentHash": "GhTr9F1uOYXHCIEOB5PXIgqn5a8WLsJL2m0eewTA0IvY1j6N4HGXHKKmEyB90/N6vrjmYamf41V9zbmdW2HY3g==",
        "dependencies": {
          "System.Security.Cryptography.Pkcs": "8.0.1"
        }
      },
      "System.Security.Cryptography.Pkcs": {
        "type": "Transitive",
        "resolved": "8.0.1",
        "contentHash": "CoCRHFym33aUSf/NtWSVSZa99dkd0Hm7OCZUxORBjRB16LNhIEOf8THPqzIYlvKM0nNDAPTRBa1FxEECrgaxxA=="
      },
      "imolt.calculations": {
        "type": "Project",
        "dependencies": {
          "Dapper": "[2.1.86, )",
          "Imolt.Shared": "[1.0.0, )",
          "Npgsql": "[10.0.3, )"
        }
      },
      "imolt.database": {
        "type": "Project",
        "dependencies": {
          "Dapper": "[2.1.86, )",
          "Npgsql": "[10.0.3, )"
        }
      },
      "imolt.deals": {
        "type": "Project",
        "dependencies": {
          "Dapper": "[2.1.86, )",
          "Imolt.Shared": "[1.0.0, )",
          "Microsoft.IdentityModel.JsonWebTokens": "[8.16.0, )",
          "Npgsql": "[10.0.3, )",
          "PdfSharp": "[6.2.4, )"
        }
      },
      "imolt.references": {
        "type": "Project",
        "dependencies": {
          "Dapper": "[2.1.86, )",
          "Imolt.Shared": "[1.0.0, )",
          "Npgsql": "[10.0.3, )"
        }
      },
      "imolt.shared": {
        "type": "Project"
      }
    }
  }
}